
Microsoft Visual Studio Solution File, Format Version 12.00
# Visual Studio 14
VisualStudioVersion = 14.0.25420.1
MinimumVisualStudioVersion = 10.0.40219.1
Project("{FAE04EC0-301F-11D3-BF4B-00C04F79EFBC}") = "MVC6amStarBatch", "MVC6amStarBatch\MVC6amStarBatch.csproj", "{6E919669-AA74-4256-BB3F-AAE324188112}"
EndProject
Project("{FAE04EC0-301F-11D3-BF4B-00C04F79EFBC}") = "Adonet", "Adonet\Adonet.csproj", "{79021177-223D-4795-BC3B-3B04E5F6C7A5}"
EndProject
Global
	GlobalSection(SolutionConfigurationPlatforms) = preSolution
		Debug|Any CPU = Debug|Any CPU
		Release|Any CPU = Release|Any CPU
	EndGlobalSection
	GlobalSection(ProjectConfigurationPlatforms) = postSolution
		{6E919669-AA74-4256-BB3F-AAE324188112}.Debug|Any CPU.ActiveCfg = Debug|Any CPU
		{6E919669-AA74-4256-BB3F-AAE324188112}.Debug|Any CPU.Build.0 = Debug|Any CPU
		{6E919669-AA74-4256-BB3F-AAE324188112}.Release|Any CPU.ActiveCfg = Release|Any CPU
		{6E919669-AA74-4256-BB3F-AAE324188112}.Release|Any CPU.Build.0 = Release|Any CPU
		{79021177-223D-4795-BC3B-3B04E5F6C7A5}.Debug|Any CPU.ActiveCfg = Debug|Any CPU
		{79021177-223D-4795-BC3B-3B04E5F6C7A5}.Debug|Any CPU.Build.0 = Debug|Any CPU
		{79021177-223D-4795-BC3B-3B04E5F6C7A5}.Release|Any CPU.ActiveCfg = Release|Any CPU
		{79021177-223D-4795-BC3B-3B04E5F6C7A5}.Release|Any CPU.Build.0 = Release|Any CPU
	EndGlobalSection
	GlobalSection(SolutionProperties) = preSolution
		HideSolutionNode = FALSE
	EndGlobalSection
EndGlobal
